// !$*UTF8*$!
{
	archiveVersion = 1;
	classes = {
	};
	objectVersion = 55;
	objects = {

/* Begin PBXBuildFile section */
		330DBF962982A77800099BD6 /* CategoryView.swift in Sources */ = {isa = PBXBuildFile; fileRef = 330DBF952982A77800099BD6 /* CategoryView.swift */; };
		330DBF982982B63B00099BD6 /* CategoryViewModel.swift in Sources */ = {isa = PBXBuildFile; fileRef = 330DBF972982B63B00099BD6 /* CategoryViewModel.swift */; };
		3323AC62299166D400FE623C /* Color.swift in Sources */ = {isa = PBXBuildFile; fileRef = 3323AC61299166D400FE623C /* Color.swift */; };
		33E25354287B22EE00C52805 /* UnclutterApp.swift in Sources */ = {isa = PBXBuildFile; fileRef = 33E25353287B22EE00C52805 /* UnclutterApp.swift */; };
		33E25358287B22F100C52805 /* Assets.xcassets in Resources */ = {isa = PBXBuildFile; fileRef = 33E25357287B22F100C52805 /* Assets.xcassets */; };
		33E2535B287B22F100C52805 /* Preview Assets.xcassets in Resources */ = {isa = PBXBuildFile; fileRef = 33E2535A287B22F100C52805 /* Preview Assets.xcassets */; };
		33E2535D287B22F100C52805 /* Persistence.swift in Sources */ = {isa = PBXBuildFile; fileRef = 33E2535C287B22F100C52805 /* Persistence.swift */; };
		33E25360287B22F100C52805 /* Unclutter.xcdatamodeld in Sources */ = {isa = PBXBuildFile; fileRef = 33E2535E287B22F100C52805 /* Unclutter.xcdatamodeld */; };
		33E25367287B235D00C52805 /* Dashboard.swift in Sources */ = {isa = PBXBuildFile; fileRef = 33E25366287B235D00C52805 /* Dashboard.swift */; };
		33E2536C287B416500C52805 /* AddCategoryView.swift in Sources */ = {isa = PBXBuildFile; fileRef = 33E2536B287B416500C52805 /* AddCategoryView.swift */; };
		33E2536E287CB6AC00C52805 /* AddItemView.swift in Sources */ = {isa = PBXBuildFile; fileRef = 33E2536D287CB6AC00C52805 /* AddItemView.swift */; };
/* End PBXBuildFile section */

/* Begin PBXFileReference section */
		330DBF952982A77800099BD6 /* CategoryView.swift */ = {isa = PBXFileReference; lastKnownFileType = sourcecode.swift; path = CategoryView.swift; sourceTree = "<group>"; };
		330DBF972982B63B00099BD6 /* CategoryViewModel.swift */ = {isa = PBXFileReference; lastKnownFileType = sourcecode.swift; path = CategoryViewModel.swift; sourceTree = "<group>"; };
		3323AC61299166D400FE623C /* Color.swift */ = {isa = PBXFileReference; lastKnownFileType = sourcecode.swift; path = Color.swift; sourceTree = "<group>"; };
		33E25350287B22EE00C52805 /* Unclutter.app */ = {isa = PBXFileReference; explicitFileType = wrapper.application; includeInIndex = 0; path = Unclutter.app; sourceTree = BUILT_PRODUCTS_DIR; };
		33E25353287B22EE00C52805 /* UnclutterApp.swift */ = {isa = PBXFileReference; lastKnownFileType = sourcecode.swift; path = UnclutterApp.swift; sourceTree = "<group>"; };
		33E25357287B22F100C52805 /* Assets.xcassets */ = {isa = PBXFileReference; lastKnownFileType = folder.assetcatalog; path = Assets.xcassets; sourceTree = "<group>"; };
		33E2535A287B22F100C52805 /* Preview Assets.xcassets */ = {isa = PBXFileReference; lastKnownFileType = folder.assetcatalog; path = "Preview Assets.xcassets"; sourceTree = "<group>"; };
		33E2535C287B22F100C52805 /* Persistence.swift */ = {isa = PBXFileReference; lastKnownFileType = sourcecode.swift; path = Persistence.swift; sourceTree = "<group>"; };
		33E2535F287B22F100C52805 /* Unclutter.xcdatamodel */ = {isa = PBXFileReference; lastKnownFileType = wrapper.xcdatamodel; path = Unclutter.xcdatamodel; sourceTree = "<group>"; };
		33E25366287B235D00C52805 /* Dashboard.swift */ = {isa = PBXFileReference; lastKnownFileType = sourcecode.swift; path = Dashboard.swift; sourceTree = "<group>"; };
		33E2536B287B416500C52805 /* AddCategoryView.swift */ = {isa = PBXFileReference; lastKnownFileType = sourcecode.swift; path = AddCategoryView.swift; sourceTree = "<group>"; };
		33E2536D287CB6AC00C52805 /* AddItemView.swift */ = {isa = PBXFileReference; lastKnownFileType = sourcecode.swift; path = AddItemView.swift; sourceTree = "<group>"; };
/* End PBXFileReference section */

/* Begin PBXFrameworksBuildPhase section */
		33E2534D287B22EE00C52805 /* Frameworks */ = {
			isa = PBXFrameworksBuildPhase;
			buildActionMask = 2147483647;
			files = (
			);
			runOnlyForDeploymentPostprocessing = 0;
		};
/* End PBXFrameworksBuildPhase section */

/* Begin PBXGroup section */
		3323AC60299164E600FE623C /* Extensions */ = {
			isa = PBXGroup;
			children = (
				3323AC61299166D400FE623C /* Color.swift */,
			);
			path = Extensions;
			sourceTree = "<group>";
		};
		33E25347287B22EE00C52805 = {
			isa = PBXGroup;
			children = (
				33E25352287B22EE00C52805 /* Unclutter */,
				33E25351287B22EE00C52805 /* Products */,
			);
			sourceTree = "<group>";
		};
		33E25351287B22EE00C52805 /* Products */ = {
			isa = PBXGroup;
			children = (
				33E25350287B22EE00C52805 /* Unclutter.app */,
			);
			name = Products;
			sourceTree = "<group>";
		};
		33E25352287B22EE00C52805 /* Unclutter */ = {
			isa = PBXGroup;
			children = (
				3323AC60299164E600FE623C /* Extensions */,
				33E25368287B238500C52805 /* Views */,
				33E25357287B22F100C52805 /* Assets.xcassets */,
				33E2535C287B22F100C52805 /* Persistence.swift */,
				33E2535E287B22F100C52805 /* Unclutter.xcdatamodeld */,
				33E25359287B22F100C52805 /* Preview Content */,
			);
			path = Unclutter;
			sourceTree = "<group>";
		};
		33E25359287B22F100C52805 /* Preview Content */ = {
			isa = PBXGroup;
			children = (
				33E2535A287B22F100C52805 /* Preview Assets.xcassets */,
			);
			path = "Preview Content";
			sourceTree = "<group>";
		};
		33E25368287B238500C52805 /* Views */ = {
			isa = PBXGroup;
			children = (
				33E25353287B22EE00C52805 /* UnclutterApp.swift */,
				33E25366287B235D00C52805 /* Dashboard.swift */,
				33E2536D287CB6AC00C52805 /* AddItemView.swift */,
				33E2536B287B416500C52805 /* AddCategoryView.swift */,
				330DBF952982A77800099BD6 /* CategoryView.swift */,
				330DBF972982B63B00099BD6 /* CategoryViewModel.swift */,
			);
			path = Views;
			sourceTree = "<group>";
		};
/* End PBXGroup section */

/* Begin PBXNativeTarget section */
		33E2534F287B22EE00C52805 /* Unclutter */ = {
			isa = PBXNativeTarget;
			buildConfigurationList = 33E25363287B22F100C52805 /* Build configuration list for PBXNativeTarget "Unclutter" */;
			buildPhases = (
				33E2534C287B22EE00C52805 /* Sources */,
				33E2534D287B22EE00C52805 /* Frameworks */,
				33E2534E287B22EE00C52805 /* Resources */,
			);
			buildRules = (
			);
			dependencies = (
			);
			name = Unclutter;
			productName = Unclutter;
			productReference = 33E25350287B22EE00C52805 /* Unclutter.app */;
			productType = "com.apple.product-type.application";
		};
/* End PBXNativeTarget section */

/* Begin PBXProject section */
		33E25348287B22EE00C52805 /* Project object */ = {
			isa = PBXProject;
			attributes = {
				BuildIndependentTargetsInParallel = 1;
				LastSwiftUpdateCheck = 1340;
				LastUpgradeCheck = 1340;
				TargetAttributes = {
					33E2534F287B22EE00C52805 = {
						CreatedOnToolsVersion = 13.4.1;
					};
				};
			};
			buildConfigurationList = 33E2534B287B22EE00C52805 /* Build configuration list for PBXProject "Unclutter" */;
			compatibilityVersion = "Xcode 13.0";
			developmentRegion = en;
			hasScannedForEncodings = 0;
			knownRegions = (
				en,
				Base,
			);
			mainGroup = 33E25347287B22EE00C52805;
			productRefGroup = 33E25351287B22EE00C52805 /* Products */;
			projectDirPath = "";
			projectRoot = "";
			targets = (
				33E2534F287B22EE00C52805 /* Unclutter */,
			);
		};
/* End PBXProject section */

/* Begin PBXResourcesBuildPhase section */
		33E2534E287B22EE00C52805 /* Resources */ = {
			isa = PBXResourcesBuildPhase;
			buildActionMask = 2147483647;
			files = (
				33E2535B287B22F100C52805 /* Preview Assets.xcassets in Resources */,
				33E25358287B22F100C52805 /* Assets.xcassets in Resources */,
			);
			runOnlyForDeploymentPostprocessing = 0;
		};
/* End PBXResourcesBuildPhase section */

/* Begin PBXSourcesBuildPhase section */
		33E2534C287B22EE00C52805 /* Sources */ = {
			isa = PBXSourcesBuildPhase;
			buildActionMask = 2147483647;
			files = (
				33E2536C287B416500C52805 /* AddCategoryView.swift in Sources */,
				330DBF962982A77800099BD6 /* CategoryView.swift in Sources */,
				33E25360287B22F100C52805 /* Unclutter.xcdatamodeld in Sources */,
				33E2536E287CB6AC00C52805 /* AddItemView.swift in Sources */,
				330DBF982982B63B00099BD6 /* CategoryViewModel.swift in Sources */,
				33E2535D287B22F100C52805 /* Persistence.swift in Sources */,
				33E25367287B235D00C52805 /* Dashboard.swift in Sources */,
				33E25354287B22EE00C52805 /* UnclutterApp.swift in Sources */,
				3323AC62299166D400FE623C /* Color.swift in Sources */,
			);
			runOnlyForDeploymentPostprocessing = 0;
		};
/* End PBXSourcesBuildPhase section */

/* Begin XCBuildConfiguration section */
		33E25361287B22F100C52805 /* Debug */ = {
			isa = XCBuildConfiguration;
			buildSettings = {
				ALWAYS_SEARCH_USER_PATHS = NO;
				CLANG_ANALYZER_NONNULL = YES;
				CLANG_ANALYZER_NUMBER_OBJECT_CONVERSION = YES_AGGRESSIVE;
				CLANG_CXX_LANGUAGE_STANDARD = "gnu++17";
				CLANG_ENABLE_MODULES = YES;
				CLANG_ENABLE_OBJC_ARC = YES;
				CLANG_ENABLE_OBJC_WEAK = YES;
				CLANG_WARN_BLOCK_CAPTURE_AUTORELEASING = YES;
				CLANG_WARN_BOOL_CONVERSION = YES;
				CLANG_WARN_COMMA = YES;
				CLANG_WARN_CONSTANT_CONVERSION = YES;
				CLANG_WARN_DEPRECATED_OBJC_IMPLEMENTATIONS = YES;
				CLANG_WARN_DIRECT_OBJC_ISA_USAGE = YES_ERROR;
				CLANG_WARN_DOCUMENTATION_COMMENTS = YES;
				CLANG_WARN_EMPTY_BODY = YES;
				CLANG_WARN_ENUM_CONVERSION = YES;
				CLANG_WARN_INFINITE_RECURSION = YES;
				CLANG_WARN_INT_CONVERSION = YES;
				CLANG_WARN_NON_LITERAL_NULL_CONVERSION = YES;
				CLANG_WARN_OBJC_IMPLICIT_RETAIN_SELF = YES;
				CLANG_WARN_OBJC_LITERAL_CONVERSION = YES;
				CLANG_WARN_OBJC_ROOT_CLASS = YES_ERROR;
				CLANG_WARN_QUOTED_INCLUDE_IN_FRAMEWORK_HEADER = YES;
				CLANG_WARN_RANGE_LOOP_ANALYSIS = YES;
				CLANG_WARN_STRICT_PROTOTYPES = YES;
				CLANG_WARN_SUSPICIOUS_MOVE = YES;
				CLANG_WARN_UNGUARDED_AVAILABILITY = YES_AGGRESSIVE;
				CLANG_WARN_UNREACHABLE_CODE = YES;
				CLANG_WARN__DUPLICATE_METHOD_MATCH = YES;
				COPY_PHASE_STRIP = NO;
				DEBUG_INFORMATION_FORMAT = dwarf;
				ENABLE_STRICT_OBJC_MSGSEND = YES;
				ENABLE_TESTABILITY = YES;
				GCC_C_LANGUAGE_STANDARD = gnu11;
				GCC_DYNAMIC_NO_PIC = NO;
				GCC_NO_COMMON_BLOCKS = YES;
				GCC_OPTIMIZATION_LEVEL = 0;
				GCC_PREPROCESSOR_DEFINITIONS = (
					"DEBUG=1",
					"$(inherited)",
				);
				GCC_WARN_64_TO_32_BIT_CONVERSION = YES;
				GCC_WARN_ABOUT_RETURN_TYPE = YES_ERROR;
				GCC_WARN_UNDECLARED_SELECTOR = YES;
				GCC_WARN_UNINITIALIZED_AUTOS = YES_AGGRESSIVE;
				GCC_WARN_UNUSED_FUNCTION = YES;
				GCC_WARN_UNUSED_VARIABLE = YES;
				IPHONEOS_DEPLOYMENT_TARGET = 15.5;
				MTL_ENABLE_DEBUG_INFO = INCLUDE_SOURCE;
				MTL_FAST_MATH = YES;
				ONLY_ACTIVE_ARCH = YES;
				SDKROOT = iphoneos;
				SWIFT_ACTIVE_COMPILATION_CONDITIONS = DEBUG;
				SWIFT_OPTIMIZATION_LEVEL = "-Onone";
			};
			name = Debug;
		};
		33E25362287B22F100C52805 /* Release */ = {
			isa = XCBuildConfiguration;
			buildSettings = {
				ALWAYS_SEARCH_USER_PATHS = NO;
				CLANG_ANALYZER_NONNULL = YES;
				CLANG_ANALYZER_NUMBER_OBJECT_CONVERSION = YES_AGGRESSIVE;
				CLANG_CXX_LANGUAGE_STANDARD = "gnu++17";
				CLANG_ENABLE_MODULES = YES;
				CLANG_ENABLE_OBJC_ARC = YES;
				CLANG_ENABLE_OBJC_WEAK = YES;
				CLANG_WARN_BLOCK_CAPTURE_AUTORELEASING = YES;
				CLANG_WARN_BOOL_CONVERSION = YES;
				CLANG_WARN_COMMA = YES;
				CLANG_WARN_CONSTANT_CONVERSION = YES;
				CLANG_WARN_DEPRECATED_OBJC_IMPLEMENTATIONS = YES;
				CLANG_WARN_DIRECT_OBJC_ISA_USAGE = YES_ERROR;
				CLANG_WARN_DOCUMENTATION_COMMENTS = YES;
				CLANG_WARN_EMPTY_BODY = YES;
				CLANG_WARN_ENUM_CONVERSION = YES;
				CLANG_WARN_INFINITE_RECURSION = YES;
				CLANG_WARN_INT_CONVERSION = YES;
				CLANG_WARN_NON_LITERAL_NULL_CONVERSION = YES;
				CLANG_WARN_OBJC_IMPLICIT_RETAIN_SELF = YES;
				CLANG_WARN_OBJC_LITERAL_CONVERSION = YES;
				CLANG_WARN_OBJC_ROOT_CLASS = YES_ERROR;
				CLANG_WARN_QUOTED_INCLUDE_IN_FRAMEWORK_HEADER = YES;
				CLANG_WARN_RANGE_LOOP_ANALYSIS = YES;
				CLANG_WARN_STRICT_PROTOTYPES = YES;
				CLANG_WARN_SUSPICIOUS_MOVE = YES;
				CLANG_WARN_UNGUARDED_AVAILABILITY = YES_AGGRESSIVE;
				CLANG_WARN_UNREACHABLE_CODE = YES;
				CLANG_WARN__DUPLICATE_METHOD_MATCH = YES;
				COPY_PHASE_STRIP = NO;
				DEBUG_INFORMATION_FORMAT = "dwarf-with-dsym";
				ENABLE_NS_ASSERTIONS = NO;
				ENABLE_STRICT_OBJC_MSGSEND = YES;
				GCC_C_LANGUAGE_STANDARD = gnu11;
				GCC_NO_COMMON_BLOCKS = YES;
				GCC_WARN_64_TO_32_BIT_CONVERSION = YES;
				GCC_WARN_ABOUT_RETURN_TYPE = YES_ERROR;
				GCC_WARN_UNDECLARED_SELECTOR = YES;
				GCC_WARN_UNINITIALIZED_AUTOS = YES_AGGRESSIVE;
				GCC_WARN_UNUSED_FUNCTION = YES;
				GCC_WARN_UNUSED_VARIABLE = YES;
				IPHONEOS_DEPLOYMENT_TARGET = 15.5;
				MTL_ENABLE_DEBUG_INFO = NO;
				MTL_FAST_MATH = YES;
				SDKROOT = iphoneos;
				SWIFT_COMPILATION_MODE = wholemodule;
				SWIFT_OPTIMIZATION_LEVEL = "-O";
				VALIDATE_PRODUCT = YES;
			};
			name = Release;
		};
		33E25364287B22F100C52805 /* Debug */ = {
			isa = XCBuildConfiguration;
			buildSettings = {
				ASSETCATALOG_COMPILER_APPICON_NAME = AppIcon;
				ASSETCATALOG_COMPILER_GLOBAL_ACCENT_COLOR_NAME = AccentColor;
				CODE_SIGN_STYLE = Automatic;
				CURRENT_PROJECT_VERSION = 1;
				DEVELOPMENT_ASSET_PATHS = "\"Unclutter/Preview Content\"";
				DEVELOPMENT_TEAM = DM38AVA7BR;
				ENABLE_PREVIEWS = YES;
				GENERATE_INFOPLIST_FILE = YES;
				INFOPLIST_KEY_UIApplicationSceneManifest_Generation = YES;
				INFOPLIST_KEY_UIApplicationSupportsIndirectInputEvents = YES;
				INFOPLIST_KEY_UILaunchScreen_Generation = YES;
				INFOPLIST_KEY_UISupportedInterfaceOrientations_iPad = "UIInterfaceOrientationPortrait UIInterfaceOrientationPortraitUpsideDown UIInterfaceOrientationLandscapeLeft UIInterfaceOrientationLandscapeRight";
				INFOPLIST_KEY_UISupportedInterfaceOrientations_iPhone = "UIInterfaceOrientationPortrait UIInterfaceOrientationLandscapeLeft UIInterfaceOrientationLandscapeRight";
				LD_RUNPATH_SEARCH_PATHS = (
					"$(inherited)",
					"@executable_path/Frameworks",
				);
				MARKETING_VERSION = 1.0;
				PRODUCT_BUNDLE_IDENTIFIER = "com.olak-a.Unclutter";
				PRODUCT_NAME = "$(TARGET_NAME)";
				SWIFT_EMIT_LOC_STRINGS = YES;
				SWIFT_VERSION = 5.0;
				TARGETED_DEVICE_FAMILY = "1,2";
			};
			name = Debug;
		};
		33E25365287B22F100C52805 /* Release */ = {
			isa = XCBuildConfiguration;
			buildSettings = {
				ASSETCATALOG_COMPILER_APPICON_NAME = AppIcon;
				ASSETCATALOG_COMPILER_GLOBAL_ACCENT_COLOR_NAME = AccentColor;
				CODE_SIGN_STYLE = Automatic;
				CURRENT_PROJECT_VERSION = 1;
				DEVELOPMENT_ASSET_PATHS = "\"Unclutter/Preview Content\"";
				DEVELOPMENT_TEAM = DM38AVA7BR;
				ENABLE_PREVIEWS = YES;
				GENERATE_INFOPLIST_FILE = YES;
				INFOPLIST_KEY_UIApplicationSceneManifest_Generation = YES;
				INFOPLIST_KEY_UIApplicationSupportsIndirectInputEvents = YES;
				INFOPLIST_KEY_UILaunchScreen_Generation = YES;
				INFOPLIST_KEY_UISupportedInterfaceOrientations_iPad = "UIInterfaceOrientationPortrait UIInterfaceOrientationPortraitUpsideDown UIInterfaceOrientationLandscapeLeft UIInterfaceOrientationLandscapeRight";
				INFOPLIST_KEY_UISupportedInterfaceOrientations_iPhone = "UIInterfaceOrientationPortrait UIInterfaceOrientationLandscapeLeft UIInterfaceOrientationLandscapeRight";
				LD_RUNPATH_SEARCH_PATHS = (
					"$(inherited)",
					"@executable_path/Frameworks",
				);
				MARKETING_VERSION = 1.0;
				PRODUCT_BUNDLE_IDENTIFIER = "com.olak-a.Unclutter";
				PRODUCT_NAME = "$(TARGET_NAME)";
				SWIFT_EMIT_LOC_STRINGS = YES;
				SWIFT_VERSION = 5.0;
				TARGETED_DEVICE_FAMILY = "1,2";
			};
			name = Release;
		};
/* End XCBuildConfiguration section */

/* Begin XCConfigurationList section */
		33E2534B287B22EE00C52805 /* Build configuration list for PBXProject "Unclutter" */ = {
			isa = XCConfigurationList;
			buildConfigurations = (
				33E25361287B22F100C52805 /* Debug */,
				33E25362287B22F100C52805 /* Release */,
			);
			defaultConfigurationIsVisible = 0;
			defaultConfigurationName = Release;
		};
		33E25363287B22F100C52805 /* Build configuration list for PBXNativeTarget "Unclutter" */ = {
			isa = XCConfigurationList;
			buildConfigurations = (
				33E25364287B22F100C52805 /* Debug */,
				33E25365287B22F100C52805 /* Release */,
			);
			defaultConfigurationIsVisible = 0;
			defaultConfigurationName = Release;
		};
/* End XCConfigurationList section */

/* Begin XCVersionGroup section */
		33E2535E287B22F100C52805 /* Unclutter.xcdatamodeld */ = {
			isa = XCVersionGroup;
			children = (
				33E2535F287B22F100C52805 /* Unclutter.xcdatamodel */,
			);
			currentVersion = 33E2535F287B22F100C52805 /* Unclutter.xcdatamodel */;
			path = Unclutter.xcdatamodeld;
			sourceTree = "<group>";
			versionGroupType = wrapper.xcdatamodel;
		};
/* End XCVersionGroup section */
	};
	rootObject = 33E25348287B22EE00C52805 /* Project object */;
}
